
Microsoft Visual Studio Solution File, Format Version 12.00
# Visual Studio Version 17
VisualStudioVersion = 17.1.32421.90
MinimumVisualStudioVersion = 10.0.40219.1
Project("{9A19103F-16F7-4668-BE54-9A1E7A4F7556}") = "API", "..\API\API.csproj", "{84FB5BB3-AA8F-4EA0-926F-2A83420C4AB2}"
EndProject
Project("{FAE04EC0-301F-11D3-BF4B-00C04F79EFBC}") = "WebOanhVinh", "WebOanhVinh.csproj", "{C4F85907-CA85-49DB-B5A9-218F5E4F238B}"
EndProject
Global
	GlobalSection(SolutionConfigurationPlatforms) = preSolution
		Debug|Any CPU = Debug|Any CPU
		Release|Any CPU = Release|Any CPU
	EndGlobalSection
	GlobalSection(ProjectConfigurationPlatforms) = postSolution
		{84FB5BB3-AA8F-4EA0-926F-2A83420C4AB2}.Debug|Any CPU.ActiveCfg = Debug|Any CPU
		{84FB5BB3-AA8F-4EA0-926F-2A83420C4AB2}.Debug|Any CPU.Build.0 = Debug|Any CPU
		{84FB5BB3-AA8F-4EA0-926F-2A83420C4AB2}.Release|Any CPU.ActiveCfg = Release|Any CPU
		{84FB5BB3-AA8F-4EA0-926F-2A83420C4AB2}.Release|Any CPU.Build.0 = Release|Any CPU
		{C4F85907-CA85-49DB-B5A9-218F5E4F238B}.Debug|Any CPU.ActiveCfg = Debug|Any CPU
		{C4F85907-CA85-49DB-B5A9-218F5E4F238B}.Debug|Any CPU.Build.0 = Debug|Any CPU
		{C4F85907-CA85-49DB-B5A9-218F5E4F238B}.Release|Any CPU.ActiveCfg = Release|Any CPU
		{C4F85907-CA85-49DB-B5A9-218F5E4F238B}.Release|Any CPU.Build.0 = Release|Any CPU
	EndGlobalSection
	GlobalSection(SolutionProperties) = preSolution
		HideSolutionNode = FALSE
	EndGlobalSection
	GlobalSection(ExtensibilityGlobals) = postSolution
		SolutionGuid = {14398CD5-C47C-4B7A-9608-1C3D008C34EB}
	EndGlobalSection
EndGlobal
